
Microsoft Visual Studio Solution File, Format Version 12.00
# Visual Studio Version 16
VisualStudioVersion = 16.0.30413.136
MinimumVisualStudioVersion = 10.0.40219.1
Project("{FAE04EC0-301F-11D3-BF4B-00C04F79EFBC}") = "Pages", "Pages.csproj", "{C1225673-E6A5-42C4-8F69-D0692932EC7F}"
EndProject
Project("{FAE04EC0-301F-11D3-BF4B-00C04F79EFBC}") = "Tests", "Tests\Tests.csproj", "{694C7919-0F2B-43D0-9514-FC75ED419F38}"
	ProjectSection(ProjectDependencies) = postProject
		{C1225673-E6A5-42C4-8F69-D0692932EC7F} = {C1225673-E6A5-42C4-8F69-D0692932EC7F}
	EndProjectSection
EndProject
Global
	GlobalSection(SolutionConfigurationPlatforms) = preSolution
		Debug|Any CPU = Debug|Any CPU
		Release|Any CPU = Release|Any CPU
	EndGlobalSection
	GlobalSection(ProjectConfigurationPlatforms) = postSolution
		{C1225673-E6A5-42C4-8F69-D0692932EC7F}.Debug|Any CPU.ActiveCfg = Debug|Any CPU
		{C1225673-E6A5-42C4-8F69-D0692932EC7F}.Debug|Any CPU.Build.0 = Debug|Any CPU
		{C1225673-E6A5-42C4-8F69-D0692932EC7F}.Release|Any CPU.ActiveCfg = Release|Any CPU
		{C1225673-E6A5-42C4-8F69-D0692932EC7F}.Release|Any CPU.Build.0 = Release|Any CPU
		{694C7919-0F2B-43D0-9514-FC75ED419F38}.Debug|Any CPU.ActiveCfg = Debug|Any CPU
		{694C7919-0F2B-43D0-9514-FC75ED419F38}.Debug|Any CPU.Build.0 = Debug|Any CPU
		{694C7919-0F2B-43D0-9514-FC75ED419F38}.Release|Any CPU.ActiveCfg = Release|Any CPU
		{694C7919-0F2B-43D0-9514-FC75ED419F38}.Release|Any CPU.Build.0 = Release|Any CPU
	EndGlobalSection
	GlobalSection(SolutionProperties) = preSolution
		HideSolutionNode = FALSE
	EndGlobalSection
	GlobalSection(ExtensibilityGlobals) = postSolution
		SolutionGuid = {47652F4B-6017-4189-B710-18DAF191D532}
	EndGlobalSection
EndGlobal
